{
  "originHash" : "dd42aa950ab15db87a199baef479ee523bdddcfeedc472376c163c24faefa2b2",
  "pins" : [
    {
      "identity" : "alamofire",
      "kind" : "remoteSourceControl",
      "location" : "https://github.com/Alamofire/Alamofire",
      "state" : {
        "revision" : "513364f870f6bfc468f9d2ff0a95caccc10044c5",
        "version" : "5.10.2"
      }
    },
    {
      "identity" : "ios-core",
      "kind" : "remoteSourceControl",
      "location" : "https://github.com/Infomaniak/ios-core",
      "state" : {
        "branch" : "feat/Get-phones-and-emails-in-UserProfile",
        "revision" : "6455482d81d048d9b24ed6de7cd3edb20df9efc2"
      }
    },
    {
      "identity" : "ios-core-ui",
      "kind" : "remoteSourceControl",
      "location" : "https://github.com/Infomaniak/ios-core-ui",
      "state" : {
        "revision" : "7309ad76dcf0427df51386cf924dfc33e77dd474",
        "version" : "26.0.1"
      }
    },
    {
      "identity" : "ios-core-uikit",
      "kind" : "remoteSourceControl",
      "location" : "https://github.com/Infomaniak/ios-core-uikit",
      "state" : {
        "revision" : "dd005b4e493c9f8c793d1d251eb54c8c315d602e",
        "version" : "2.0.0"
      }
    },
    {
      "identity" : "ios-dependency-injection",
      "kind" : "remoteSourceControl",
      "location" : "https://github.com/Infomaniak/ios-dependency-injection",
      "state" : {
        "revision" : "86f3b77f71547b7778d2819d4d1c2d77847f2069",
        "version" : "2.0.4"
      }
    },
    {
      "identity" : "ios-device-check",
      "kind" : "remoteSourceControl",
      "location" : "https://github.com/Infomaniak/ios-device-check",
      "state" : {
        "revision" : "d20a4959683e7c19faec674b1fd269e3167e5133",
        "version" : "1.1.1"
      }
    },
    {
      "identity" : "ios-login",
      "kind" : "remoteSourceControl",
      "location" : "https://github.com/Infomaniak/ios-login",
      "state" : {
        "revision" : "3ead81cbaf8c1aa1c7daf45904f77e4b1634aa85",
        "version" : "7.8.0"
      }
    },
    {
      "identity" : "lottie-spm",
      "kind" : "remoteSourceControl",
      "location" : "https://github.com/airbnb/lottie-spm",
      "state" : {
        "revision" : "04f2fd18cc9404a0a0917265a449002674f24ec9",
        "version" : "4.5.2"
      }
    },
    {
      "identity" : "matomo-sdk-ios",
      "kind" : "remoteSourceControl",
      "location" : "https://github.com/matomo-org/matomo-sdk-ios",
      "state" : {
        "revision" : "82a1f3b18215381e2133d98b7cc09b5a855ff99d",
        "version" : "7.7.0"
      }
    },
    {
      "identity" : "nuke",
      "kind" : "remoteSourceControl",
      "location" : "https://github.com/kean/Nuke",
      "state" : {
        "revision" : "0ead44350d2737db384908569c012fe67c421e4d",
        "version" : "12.8.0"
      }
    },
    {
      "identity" : "osinfo",
      "kind" : "remoteSourceControl",
      "location" : "https://github.com/MarcoEidinger/OSInfo.git",
      "state" : {
        "revision" : "fa5164afc8ef56c3069728629647f140c03933f5",
        "version" : "1.0.2"
      }
    },
    {
      "identity" : "qrcode",
      "kind" : "remoteSourceControl",
      "location" : "https://github.com/dagronf/QRCode",
      "state" : {
        "revision" : "a8b8a5166e072156baf66ec2fff0850aa14b5297",
        "version" : "28.1.0"
      }
    },
    {
      "identity" : "realm-core",
      "kind" : "remoteSourceControl",
      "location" : "https://github.com/realm/realm-core.git",
      "state" : {
        "revision" : "4cc46f8607516226e5465062fdacd088fbd94552",
        "version" : "20.1.4"
      }
    },
    {
      "identity" : "realm-swift",
      "kind" : "remoteSourceControl",
      "location" : "https://github.com/realm/realm-swift",
      "state" : {
        "revision" : "600e187711e5fa4e8e2c0429cacee27e8e44f112",
        "version" : "20.0.4"
      }
    },
    {
      "identity" : "sentry-cocoa",
      "kind" : "remoteSourceControl",
      "location" : "https://github.com/getsentry/sentry-cocoa",
      "state" : {
        "revision" : "2c420d31d0c31b525fa9e7c552ef0fc9d924befc",
        "version" : "9.17.1"
      }
    },
    {
      "identity" : "snackbar.swift",
      "kind" : "remoteSourceControl",
      "location" : "https://github.com/Infomaniak/SnackBar.swift",
      "state" : {
        "revision" : "7d8d20af50c6b744aa9791b597f7efbd0a15add2",
        "version" : "1.2.0"
      }
    },
    {
      "identity" : "snapkit",
      "kind" : "remoteSourceControl",
      "location" : "https://github.com/SnapKit/SnapKit.git",
      "state" : {
        "revision" : "2842e6e84e82eb9a8dac0100ca90d9444b0307f4",
        "version" : "5.7.1"
      }
    },
    {
      "identity" : "swift-qrcode-generator",
      "kind" : "remoteSourceControl",
      "location" : "https://github.com/dagronf/swift-qrcode-generator",
      "state" : {
        "revision" : "2b1980b825f08a81ccc762b0c4d17fcde9d5e953",
        "version" : "2.0.2"
      }
    },
    {
      "identity" : "swiftimagereadwrite",
      "kind" : "remoteSourceControl",
      "location" : "https://github.com/dagronf/SwiftImageReadWrite",
      "state" : {
        "revision" : "42ace2412279f18bc264bc306e96b51c36e12a33",
        "version" : "1.9.2"
      }
    },
    {
      "identity" : "swiftui-introspect",
      "kind" : "remoteSourceControl",
      "location" : "https://github.com/siteline/SwiftUI-Introspect",
      "state" : {
        "revision" : "aead9358a55f635d62d885aeb9105752c0213aec",
        "version" : "27.0.0-beta.1"
      }
    }
  ],
  "version" : 3
}
